
Microsoft Visual Studio Solution File, Format Version 12.00
# Visual Studio Version 16
VisualStudioVersion = 16.0.30011.22
MinimumVisualStudioVersion = 10.0.40219.1
Project("{9A19103F-16F7-4668-BE54-9A1E7A4F7556}") = "ServiceDebugger", "ServiceDebugger\ServiceDebugger.csproj", "{749B2239-226E-44E4-AEC1-746C8F499AC7}"
EndProject
Project("{FAE04EC0-301F-11D3-BF4B-00C04F79EFBC}") = "ServiceDebugger.TestService", "ServiceDebugger.TestService\ServiceDebugger.TestService.csproj", "{F5DAC817-4077-406B-9D4C-A880B9125351}"
EndProject
Global
	GlobalSection(SolutionConfigurationPlatforms) = preSolution
		Debug|Any CPU = Debug|Any CPU
		Release|Any CPU = Release|Any CPU
	EndGlobalSection
	GlobalSection(ProjectConfigurationPlatforms) = postSolution
		{749B2239-226E-44E4-AEC1-746C8F499AC7}.Debug|Any CPU.ActiveCfg = Debug|Any CPU
		{749B2239-226E-44E4-AEC1-746C8F499AC7}.Debug|Any CPU.Build.0 = Debug|Any CPU
		{749B2239-226E-44E4-AEC1-746C8F499AC7}.Release|Any CPU.ActiveCfg = Release|Any CPU
		{749B2239-226E-44E4-AEC1-746C8F499AC7}.Release|Any CPU.Build.0 = Release|Any CPU
		{F5DAC817-4077-406B-9D4C-A880B9125351}.Debug|Any CPU.ActiveCfg = Debug|Any CPU
		{F5DAC817-4077-406B-9D4C-A880B9125351}.Debug|Any CPU.Build.0 = Debug|Any CPU
		{F5DAC817-4077-406B-9D4C-A880B9125351}.Release|Any CPU.ActiveCfg = Release|Any CPU
		{F5DAC817-4077-406B-9D4C-A880B9125351}.Release|Any CPU.Build.0 = Release|Any CPU
	EndGlobalSection
	GlobalSection(SolutionProperties) = preSolution
		HideSolutionNode = FALSE
	EndGlobalSection
	GlobalSection(ExtensibilityGlobals) = postSolution
		SolutionGuid = {27D33F16-81F9-4D36-A01E-A9A0E4559EB9}
	EndGlobalSection
EndGlobal
