
Microsoft Visual Studio Solution File, Format Version 12.00
# Visual Studio Version 17
VisualStudioVersion = 17.12.35527.113
MinimumVisualStudioVersion = 10.0.40219.1
Project("{9A19103F-16F7-4668-BE54-9A1E7A4F7556}") = "ServiceDebugger", "ServiceDebugger\ServiceDebugger.csproj", "{749B2239-226E-44E4-AEC1-746C8F499AC7}"
EndProject
Project("{FAE04EC0-301F-11D3-BF4B-00C04F79EFBC}") = "ServiceDebugger.TestService", "ServiceDebugger.TestService\ServiceDebugger.TestService.csproj", "{F5DAC817-4077-406B-9D4C-A880B9125351}"
EndProject
Project("{2150E333-8FDC-42A3-9474-1A3956D46DE8}") = ".docs", ".docs", "{260D263F-BA18-435E-8345-B64B576681B0}"
	ProjectSection(SolutionItems) = preProject
		LICENSE = LICENSE
		README.md = README.md
	EndProjectSection
EndProject
Global
	GlobalSection(SolutionConfigurationPlatforms) = preSolution
		Debug|Any CPU = Debug|Any CPU
		Debug|x64 = Debug|x64
		Release|Any CPU = Release|Any CPU
		Release|x64 = Release|x64
	EndGlobalSection
	GlobalSection(ProjectConfigurationPlatforms) = postSolution
		{749B2239-226E-44E4-AEC1-746C8F499AC7}.Debug|Any CPU.ActiveCfg = Debug|Any CPU
		{749B2239-226E-44E4-AEC1-746C8F499AC7}.Debug|Any CPU.Build.0 = Debug|Any CPU
		{749B2239-226E-44E4-AEC1-746C8F499AC7}.Debug|x64.ActiveCfg = Debug|x64
		{749B2239-226E-44E4-AEC1-746C8F499AC7}.Debug|x64.Build.0 = Debug|x64
		{749B2239-226E-44E4-AEC1-746C8F499AC7}.Release|Any CPU.ActiveCfg = Release|Any CPU
		{749B2239-226E-44E4-AEC1-746C8F499AC7}.Release|Any CPU.Build.0 = Release|Any CPU
		{749B2239-226E-44E4-AEC1-746C8F499AC7}.Release|x64.ActiveCfg = Release|x64
		{749B2239-226E-44E4-AEC1-746C8F499AC7}.Release|x64.Build.0 = Release|x64
		{F5DAC817-4077-406B-9D4C-A880B9125351}.Debug|Any CPU.ActiveCfg = Debug|Any CPU
		{F5DAC817-4077-406B-9D4C-A880B9125351}.Debug|Any CPU.Build.0 = Debug|Any CPU
		{F5DAC817-4077-406B-9D4C-A880B9125351}.Debug|x64.ActiveCfg = Debug|Any CPU
		{F5DAC817-4077-406B-9D4C-A880B9125351}.Release|Any CPU.ActiveCfg = Release|Any CPU
		{F5DAC817-4077-406B-9D4C-A880B9125351}.Release|Any CPU.Build.0 = Release|Any CPU
		{F5DAC817-4077-406B-9D4C-A880B9125351}.Release|x64.ActiveCfg = Release|Any CPU
	EndGlobalSection
	GlobalSection(SolutionProperties) = preSolution
		HideSolutionNode = FALSE
	EndGlobalSection
	GlobalSection(ExtensibilityGlobals) = postSolution
		SolutionGuid = {27D33F16-81F9-4D36-A01E-A9A0E4559EB9}
	EndGlobalSection
EndGlobal
